
Microsoft Visual Studio Solution File, Format Version 12.00
# Visual Studio Version 17
VisualStudioVersion = 17.0.31903.59
MinimumVisualStudioVersion = 10.0.40219.1
Project("{FAE04EC0-301F-11D3-BF4B-00C04F79EFBC}") = "CPAD.Domain", "src\CPAD.Domain\CPAD.Domain.csproj", "{9B8519D3-DF4E-46C6-A588-41346AA1E0A1}"
EndProject
Project("{FAE04EC0-301F-11D3-BF4B-00C04F79EFBC}") = "CPAD.Contracts", "src\CPAD.Contracts\CPAD.Contracts.csproj", "{C84FEC8D-4A5C-43D2-9B29-BB2D7A148257}"
EndProject
Project("{FAE04EC0-301F-11D3-BF4B-00C04F79EFBC}") = "CPAD.Application", "src\CPAD.Application\CPAD.Application.csproj", "{A46965F4-630B-40C3-B7B9-E4A7D80E6047}"
EndProject
Project("{FAE04EC0-301F-11D3-BF4B-00C04F79EFBC}") = "CPAD.Infrastructure", "src\CPAD.Infrastructure\CPAD.Infrastructure.csproj", "{A3F1D53D-B977-4C4D-A782-4F753DD8C919}"
EndProject
Project("{FAE04EC0-301F-11D3-BF4B-00C04F79EFBC}") = "CPAD.Service", "apps\CPAD.Service\CPAD.Service.csproj", "{5D78A770-516F-45AA-8BE8-27273C2F4832}"
EndProject
Project("{FAE04EC0-301F-11D3-BF4B-00C04F79EFBC}") = "CPAD.Desktop", "apps\CPAD.Desktop\CPAD.Desktop.csproj", "{68F272F0-5D50-4FD4-8E4C-3A5DAF2B5561}"
EndProject
Project("{2150E333-8FDC-42A3-9474-1A3956D46DE8}") = "tests", "tests", "{0AB3BF05-4346-4AA6-1389-037BE0695223}"
EndProject
Project("{FAE04EC0-301F-11D3-BF4B-00C04F79EFBC}") = "CPAD.Infrastructure.Tests", "tests\CPAD.Infrastructure.Tests\CPAD.Infrastructure.Tests.csproj", "{5772EF32-9F6E-4F79-9DEB-20D95641076A}"
EndProject
Project("{2150E333-8FDC-42A3-9474-1A3956D46DE8}") = "src", "src", "{827E0CD3-B72D-47B6-A68D-7590B98EB39B}"
EndProject
Global
	GlobalSection(SolutionConfigurationPlatforms) = preSolution
		Debug|Any CPU = Debug|Any CPU
		Debug|x64 = Debug|x64
		Debug|x86 = Debug|x86
		Release|Any CPU = Release|Any CPU
		Release|x64 = Release|x64
		Release|x86 = Release|x86
	EndGlobalSection
	GlobalSection(ProjectConfigurationPlatforms) = postSolution
		{9B8519D3-DF4E-46C6-A588-41346AA1E0A1}.Debug|Any CPU.ActiveCfg = Debug|Any CPU
		{9B8519D3-DF4E-46C6-A588-41346AA1E0A1}.Debug|Any CPU.Build.0 = Debug|Any CPU
		{9B8519D3-DF4E-46C6-A588-41346AA1E0A1}.Debug|x64.ActiveCfg = Debug|Any CPU
		{9B8519D3-DF4E-46C6-A588-41346AA1E0A1}.Debug|x64.Build.0 = Debug|Any CPU
		{9B8519D3-DF4E-46C6-A588-41346AA1E0A1}.Debug|x86.ActiveCfg = Debug|Any CPU
		{9B8519D3-DF4E-46C6-A588-41346AA1E0A1}.Debug|x86.Build.0 = Debug|Any CPU
		{9B8519D3-DF4E-46C6-A588-41346AA1E0A1}.Release|Any CPU.ActiveCfg = Release|Any CPU
		{9B8519D3-DF4E-46C6-A588-41346AA1E0A1}.Release|Any CPU.Build.0 = Release|Any CPU
		{9B8519D3-DF4E-46C6-A588-41346AA1E0A1}.Release|x64.ActiveCfg = Release|Any CPU
		{9B8519D3-DF4E-46C6-A588-41346AA1E0A1}.Release|x64.Build.0 = Release|Any CPU
		{9B8519D3-DF4E-46C6-A588-41346AA1E0A1}.Release|x86.ActiveCfg = Release|Any CPU
		{9B8519D3-DF4E-46C6-A588-41346AA1E0A1}.Release|x86.Build.0 = Release|Any CPU
		{C84FEC8D-4A5C-43D2-9B29-BB2D7A148257}.Debug|Any CPU.ActiveCfg = Debug|Any CPU
		{C84FEC8D-4A5C-43D2-9B29-BB2D7A148257}.Debug|Any CPU.Build.0 = Debug|Any CPU
		{C84FEC8D-4A5C-43D2-9B29-BB2D7A148257}.Debug|x64.ActiveCfg = Debug|Any CPU
		{C84FEC8D-4A5C-43D2-9B29-BB2D7A148257}.Debug|x64.Build.0 = Debug|Any CPU
		{C84FEC8D-4A5C-43D2-9B29-BB2D7A148257}.Debug|x86.ActiveCfg = Debug|Any CPU
		{C84FEC8D-4A5C-43D2-9B29-BB2D7A148257}.Debug|x86.Build.0 = Debug|Any CPU
		{C84FEC8D-4A5C-43D2-9B29-BB2D7A148257}.Release|Any CPU.ActiveCfg = Release|Any CPU
		{C84FEC8D-4A5C-43D2-9B29-BB2D7A148257}.Release|Any CPU.Build.0 = Release|Any CPU
		{C84FEC8D-4A5C-43D2-9B29-BB2D7A148257}.Release|x64.ActiveCfg = Release|Any CPU
		{C84FEC8D-4A5C-43D2-9B29-BB2D7A148257}.Release|x64.Build.0 = Release|Any CPU
		{C84FEC8D-4A5C-43D2-9B29-BB2D7A148257}.Release|x86.ActiveCfg = Release|Any CPU
		{C84FEC8D-4A5C-43D2-9B29-BB2D7A148257}.Release|x86.Build.0 = Release|Any CPU
		{A46965F4-630B-40C3-B7B9-E4A7D80E6047}.Debug|Any CPU.ActiveCfg = Debug|Any CPU
		{A46965F4-630B-40C3-B7B9-E4A7D80E6047}.Debug|Any CPU.Build.0 = Debug|Any CPU
		{A46965F4-630B-40C3-B7B9-E4A7D80E6047}.Debug|x64.ActiveCfg = Debug|Any CPU
		{A46965F4-630B-40C3-B7B9-E4A7D80E6047}.Debug|x64.Build.0 = Debug|Any CPU
		{A46965F4-630B-40C3-B7B9-E4A7D80E6047}.Debug|x86.ActiveCfg = Debug|Any CPU
		{A46965F4-630B-40C3-B7B9-E4A7D80E6047}.Debug|x86.Build.0 = Debug|Any CPU
		{A46965F4-630B-40C3-B7B9-E4A7D80E6047}.Release|Any CPU.ActiveCfg = Release|Any CPU
		{A46965F4-630B-40C3-B7B9-E4A7D80E6047}.Release|Any CPU.Build.0 = Release|Any CPU
		{A46965F4-630B-40C3-B7B9-E4A7D80E6047}.Release|x64.ActiveCfg = Release|Any CPU
		{A46965F4-630B-40C3-B7B9-E4A7D80E6047}.Release|x64.Build.0 = Release|Any CPU
		{A46965F4-630B-40C3-B7B9-E4A7D80E6047}.Release|x86.ActiveCfg = Release|Any CPU
		{A46965F4-630B-40C3-B7B9-E4A7D80E6047}.Release|x86.Build.0 = Release|Any CPU
		{A3F1D53D-B977-4C4D-A782-4F753DD8C919}.Debug|Any CPU.ActiveCfg = Debug|Any CPU
		{A3F1D53D-B977-4C4D-A782-4F753DD8C919}.Debug|Any CPU.Build.0 = Debug|Any CPU
		{A3F1D53D-B977-4C4D-A782-4F753DD8C919}.Debug|x64.ActiveCfg = Debug|Any CPU
		{A3F1D53D-B977-4C4D-A782-4F753DD8C919}.Debug|x64.Build.0 = Debug|Any CPU
		{A3F1D53D-B977-4C4D-A782-4F753DD8C919}.Debug|x86.ActiveCfg = Debug|Any CPU
		{A3F1D53D-B977-4C4D-A782-4F753DD8C919}.Debug|x86.Build.0 = Debug|Any CPU
		{A3F1D53D-B977-4C4D-A782-4F753DD8C919}.Release|Any CPU.ActiveCfg = Release|Any CPU
		{A3F1D53D-B977-4C4D-A782-4F753DD8C919}.Release|Any CPU.Build.0 = Release|Any CPU
		{A3F1D53D-B977-4C4D-A782-4F753DD8C919}.Release|x64.ActiveCfg = Release|Any CPU
		{A3F1D53D-B977-4C4D-A782-4F753DD8C919}.Release|x64.Build.0 = Release|Any CPU
		{A3F1D53D-B977-4C4D-A782-4F753DD8C919}.Release|x86.ActiveCfg = Release|Any CPU
		{A3F1D53D-B977-4C4D-A782-4F753DD8C919}.Release|x86.Build.0 = Release|Any CPU
		{5D78A770-516F-45AA-8BE8-27273C2F4832}.Debug|Any CPU.ActiveCfg = Debug|Any CPU
		{5D78A770-516F-45AA-8BE8-27273C2F4832}.Debug|Any CPU.Build.0 = Debug|Any CPU
		{5D78A770-516F-45AA-8BE8-27273C2F4832}.Debug|x64.ActiveCfg = Debug|Any CPU
		{5D78A770-516F-45AA-8BE8-27273C2F4832}.Debug|x64.Build.0 = Debug|Any CPU
		{5D78A770-516F-45AA-8BE8-27273C2F4832}.Debug|x86.ActiveCfg = Debug|Any CPU
		{5D78A770-516F-45AA-8BE8-27273C2F4832}.Debug|x86.Build.0 = Debug|Any CPU
		{5D78A770-516F-45AA-8BE8-27273C2F4832}.Release|Any CPU.ActiveCfg = Release|Any CPU
		{5D78A770-516F-45AA-8BE8-27273C2F4832}.Release|Any CPU.Build.0 = Release|Any CPU
		{5D78A770-516F-45AA-8BE8-27273C2F4832}.Release|x64.ActiveCfg = Release|Any CPU
		{5D78A770-516F-45AA-8BE8-27273C2F4832}.Release|x64.Build.0 = Release|Any CPU
		{5D78A770-516F-45AA-8BE8-27273C2F4832}.Release|x86.ActiveCfg = Release|Any CPU
		{5D78A770-516F-45AA-8BE8-27273C2F4832}.Release|x86.Build.0 = Release|Any CPU
		{68F272F0-5D50-4FD4-8E4C-3A5DAF2B5561}.Debug|Any CPU.ActiveCfg = Debug|Any CPU
		{68F272F0-5D50-4FD4-8E4C-3A5DAF2B5561}.Debug|Any CPU.Build.0 = Debug|Any CPU
		{68F272F0-5D50-4FD4-8E4C-3A5DAF2B5561}.Debug|x64.ActiveCfg = Debug|Any CPU
		{68F272F0-5D50-4FD4-8E4C-3A5DAF2B5561}.Debug|x64.Build.0 = Debug|Any CPU
		{68F272F0-5D50-4FD4-8E4C-3A5DAF2B5561}.Debug|x86.ActiveCfg = Debug|Any CPU
		{68F272F0-5D50-4FD4-8E4C-3A5DAF2B5561}.Debug|x86.Build.0 = Debug|Any CPU
		{68F272F0-5D50-4FD4-8E4C-3A5DAF2B5561}.Release|Any CPU.ActiveCfg = Release|Any CPU
		{68F272F0-5D50-4FD4-8E4C-3A5DAF2B5561}.Release|Any CPU.Build.0 = Release|Any CPU
		{68F272F0-5D50-4FD4-8E4C-3A5DAF2B5561}.Release|x64.ActiveCfg = Release|Any CPU
		{68F272F0-5D50-4FD4-8E4C-3A5DAF2B5561}.Release|x64.Build.0 = Release|Any CPU
		{68F272F0-5D50-4FD4-8E4C-3A5DAF2B5561}.Release|x86.ActiveCfg = Release|Any CPU
		{68F272F0-5D50-4FD4-8E4C-3A5DAF2B5561}.Release|x86.Build.0 = Release|Any CPU
		{5772EF32-9F6E-4F79-9DEB-20D95641076A}.Debug|Any CPU.ActiveCfg = Debug|Any CPU
		{5772EF32-9F6E-4F79-9DEB-20D95641076A}.Debug|Any CPU.Build.0 = Debug|Any CPU
		{5772EF32-9F6E-4F79-9DEB-20D95641076A}.Debug|x64.ActiveCfg = Debug|Any CPU
		{5772EF32-9F6E-4F79-9DEB-20D95641076A}.Debug|x64.Build.0 = Debug|Any CPU
		{5772EF32-9F6E-4F79-9DEB-20D95641076A}.Debug|x86.ActiveCfg = Debug|Any CPU
		{5772EF32-9F6E-4F79-9DEB-20D95641076A}.Debug|x86.Build.0 = Debug|Any CPU
		{5772EF32-9F6E-4F79-9DEB-20D95641076A}.Release|Any CPU.ActiveCfg = Release|Any CPU
		{5772EF32-9F6E-4F79-9DEB-20D95641076A}.Release|Any CPU.Build.0 = Release|Any CPU
		{5772EF32-9F6E-4F79-9DEB-20D95641076A}.Release|x64.ActiveCfg = Release|Any CPU
		{5772EF32-9F6E-4F79-9DEB-20D95641076A}.Release|x64.Build.0 = Release|Any CPU
		{5772EF32-9F6E-4F79-9DEB-20D95641076A}.Release|x86.ActiveCfg = Release|Any CPU
		{5772EF32-9F6E-4F79-9DEB-20D95641076A}.Release|x86.Build.0 = Release|Any CPU
	EndGlobalSection
	GlobalSection(SolutionProperties) = preSolution
		HideSolutionNode = FALSE
	EndGlobalSection
	GlobalSection(NestedProjects) = preSolution
		{5772EF32-9F6E-4F79-9DEB-20D95641076A} = {0AB3BF05-4346-4AA6-1389-037BE0695223}
	EndGlobalSection
EndGlobal
